# Generated by buf. DO NOT EDIT.
version: v1
deps:
  - remote: buf.build
    owner: envoyproxy
    repository: protoc-gen-validate
    branch: main
    commit: bb405eae115246f0b5ccf8997136e3d8
    digest: b1-BJUoAjBMVXaIMUNFJ5kdGr-be0QDwhDSTEDQpoxXzys=
    create_time: 2021-08-20T15:05:15.02577Z
  - remote: buf.build
    owner: gogo
    repository: protobuf
    branch: main
    commit: 4df00b267f944190a229ce3695781e99
    digest: b1-sjLgsg7CzrkOrIjBDh3s-l0aMjE6oqTj85-OsoopKAw=
    create_time: 2021-08-10T00:14:28.345069Z
  - remote: buf.build
    owner: googleapis
    repository: googleapis
    branch: main
    commit: 169fc074fd8f4100b4c7f552afc3bedc
    digest: b1-hJiYnkothgtMT1aW3EfjtnAMErBk8uOB1UpXX9ck_iQ=
    create_time: 2021-09-15T19:44:01.730106Z
  - remote: buf.build
    owner: grpc-ecosystem
    repository: grpc-gateway
    branch: main
    commit: de24a84aed3d4d84806740946b55d947
    digest: b1-Q-mEW3P3NR5UL8gm0pr3YWFSo5DAtrBqqgvkwH2WFWw=
    create_time: 2021-09-08T00:32:28.231758Z
